uuid: aa050ed7-948d-45be-a3ae-7549d7613a55
langcode: en
status: true
dependencies:
  module:
    - localgov_directories
    - node
  theme:
    - localgov_base
_core:
  default_config_hash: MdXdseY2P84SyfS4xYzuhAJFwKNYK-C98sL8q9f_wik
id: localgov_directories_channel_search_block
theme: localgov_base
region: sidebar_first
weight: 0
provider: null
plugin: localgov_directories_channel_search_block
settings:
  id: localgov_directories_channel_search_block
  label: 'Directory channel search'
  label_display: '0'
  provider: localgov_directories
  context_mapping:
    node: '@node.node_route_context:node'
visibility:
  node_type:
    id: 'entity_bundle:node'
    negate: false
    context_mapping:
      node: '@node.node_route_context:node'
    bundles:
      localgov_directory: localgov_directory
  'entity_bundle:node':
    id: 'entity_bundle:node'
    negate: false
    context_mapping:
      node: '@node.node_route_context:node'
    bundles:
      localgov_directory: localgov_directory
